<Solution>
  <Project Path="AspireStarterDemo.Angular/AspireStarterDemo.Angular.csproj" />
  <Project Path="AspireStarterDemo.ApiService/AspireStarterDemo.ApiService.csproj" />
  <Project Path="AspireStarterDemo.AppHost/AspireStarterDemo.AppHost.csproj" />
  <Project Path="AspireStarterDemo.ServiceDefaults/AspireStarterDemo.ServiceDefaults.csproj" />
  <Project Path="AspireStarterDemo.Web/AspireStarterDemo.Web.csproj" />
</Solution>
